
Microsoft Visual Studio Solution File, Format Version 10.00
# Visual C++ Express 2008
Project("{8BC9CEB8-8B4A-11D0-8D11-00A0C91BC942}") = "isbd2", "isbd2.vcproj", "{220419C1-F57F-4D41-B7C3-0792EC8102D6}"
EndProject
Global
	GlobalSection(SolutionConfigurationPlatforms) = preSolution
		Debug|Win32 = Debug|Win32
		Release|Win32 = Release|Win32
	EndGlobalSection
	GlobalSection(ProjectConfigurationPlatforms) = postSolution
		{220419C1-F57F-4D41-B7C3-0792EC8102D6}.Debug|Win32.ActiveCfg = Debug|Win32
		{220419C1-F57F-4D41-B7C3-0792EC8102D6}.Debug|Win32.Build.0 = Debug|Win32
		{220419C1-F57F-4D41-B7C3-0792EC8102D6}.Release|Win32.ActiveCfg = Release|Win32
		{220419C1-F57F-4D41-B7C3-0792EC8102D6}.Release|Win32.Build.0 = Release|Win32
	EndGlobalSection
	GlobalSection(SolutionProperties) = preSolution
		HideSolutionNode = FALSE
	EndGlobalSection
EndGlobal
